
Microsoft Visual Studio Solution File, Format Version 12.00
# Visual Studio 2017
Project("{FAE04EC0-301F-11D3-BF4B-00C04F79EFBC}") = "HoloLocalize", "HoloLocalize.csproj", "{D0D1313B-C3EA-9396-0536-B494D5E9B2D7}"
EndProject
Project("{FAE04EC0-301F-11D3-BF4B-00C04F79EFBC}") = "HoloLocalize.Editor", "HoloLocalize.Editor.csproj", "{E2F087E5-DC1F-7C7D-FE17-E36D33E8D286}"
EndProject
Global
	GlobalSection(SolutionConfigurationPlatforms) = preSolution
		Debug|Any CPU = Debug|Any CPU
		Release|Any CPU = Release|Any CPU
	EndGlobalSection
	GlobalSection(ProjectConfigurationPlatforms) = postSolution
		{D0D1313B-C3EA-9396-0536-B494D5E9B2D7}.Debug|Any CPU.ActiveCfg = Debug|Any CPU
		{D0D1313B-C3EA-9396-0536-B494D5E9B2D7}.Debug|Any CPU.Build.0 = Debug|Any CPU
		{D0D1313B-C3EA-9396-0536-B494D5E9B2D7}.Release|Any CPU.ActiveCfg = Release|Any CPU
		{D0D1313B-C3EA-9396-0536-B494D5E9B2D7}.Release|Any CPU.Build.0 = Release|Any CPU
		{E2F087E5-DC1F-7C7D-FE17-E36D33E8D286}.Debug|Any CPU.ActiveCfg = Debug|Any CPU
		{E2F087E5-DC1F-7C7D-FE17-E36D33E8D286}.Debug|Any CPU.Build.0 = Debug|Any CPU
		{E2F087E5-DC1F-7C7D-FE17-E36D33E8D286}.Release|Any CPU.ActiveCfg = Release|Any CPU
		{E2F087E5-DC1F-7C7D-FE17-E36D33E8D286}.Release|Any CPU.Build.0 = Release|Any CPU
	EndGlobalSection
	GlobalSection(SolutionProperties) = preSolution
		HideSolutionNode = FALSE
	EndGlobalSection
EndGlobal
